
Microsoft Visual Studio Solution File, Format Version 12.00
# Visual Studio Version 17
VisualStudioVersion = 17.6.33712.159
MinimumVisualStudioVersion = 10.0.40219.1
Project("{FAE04EC0-301F-11D3-BF4B-00C04F79EFBC}") = "Aula_Funcao", "Aula_Funcao\Aula_Funcao.csproj", "{B13A780D-BCF2-4FEB-8511-2C852EBCBB57}"
EndProject
Global
	GlobalSection(SolutionConfigurationPlatforms) = preSolution
		Debug|Any CPU = Debug|Any CPU
		Release|Any CPU = Release|Any CPU
	EndGlobalSection
	GlobalSection(ProjectConfigurationPlatforms) = postSolution
		{B13A780D-BCF2-4FEB-8511-2C852EBCBB57}.Debug|Any CPU.ActiveCfg = Debug|Any CPU
		{B13A780D-BCF2-4FEB-8511-2C852EBCBB57}.Debug|Any CPU.Build.0 = Debug|Any CPU
		{B13A780D-BCF2-4FEB-8511-2C852EBCBB57}.Release|Any CPU.ActiveCfg = Release|Any CPU
		{B13A780D-BCF2-4FEB-8511-2C852EBCBB57}.Release|Any CPU.Build.0 = Release|Any CPU
	EndGlobalSection
	GlobalSection(SolutionProperties) = preSolution
		HideSolutionNode = FALSE
	EndGlobalSection
	GlobalSection(ExtensibilityGlobals) = postSolution
		SolutionGuid = {FC959886-5F66-4067-87B5-A55257A3153C}
	EndGlobalSection
EndGlobal
