
Microsoft Visual Studio Solution File, Format Version 12.00
# Visual Studio Version 17
VisualStudioVersion = 17.6.33712.159
MinimumVisualStudioVersion = 10.0.40219.1
Project("{FAE04EC0-301F-11D3-BF4B-00C04F79EFBC}") = "Exercicio4_Sequencial", "Exercicio4_Sequencial\Exercicio4_Sequencial.csproj", "{3A8673B5-C4CE-4ADD-BEC4-415756F1B3F1}"
EndProject
Global
	GlobalSection(SolutionConfigurationPlatforms) = preSolution
		Debug|Any CPU = Debug|Any CPU
		Release|Any CPU = Release|Any CPU
	EndGlobalSection
	GlobalSection(ProjectConfigurationPlatforms) = postSolution
		{3A8673B5-C4CE-4ADD-BEC4-415756F1B3F1}.Debug|Any CPU.ActiveCfg = Debug|Any CPU
		{3A8673B5-C4CE-4ADD-BEC4-415756F1B3F1}.Debug|Any CPU.Build.0 = Debug|Any CPU
		{3A8673B5-C4CE-4ADD-BEC4-415756F1B3F1}.Release|Any CPU.ActiveCfg = Release|Any CPU
		{3A8673B5-C4CE-4ADD-BEC4-415756F1B3F1}.Release|Any CPU.Build.0 = Release|Any CPU
	EndGlobalSection
	GlobalSection(SolutionProperties) = preSolution
		HideSolutionNode = FALSE
	EndGlobalSection
	GlobalSection(ExtensibilityGlobals) = postSolution
		SolutionGuid = {95F74C0B-9378-4BDD-9FD9-4EEBA260CA62}
	EndGlobalSection
EndGlobal
