
Microsoft Visual Studio Solution File, Format Version 12.00
# Visual Studio Version 17
VisualStudioVersion = 17.6.33712.159
MinimumVisualStudioVersion = 10.0.40219.1
Project("{FAE04EC0-301F-11D3-BF4B-00C04F79EFBC}") = "Exercicio6", "Exercicio6\Exercicio6.csproj", "{40E6DA37-DFAD-4043-B898-E2DF87F64490}"
EndProject
Global
	GlobalSection(SolutionConfigurationPlatforms) = preSolution
		Debug|Any CPU = Debug|Any CPU
		Release|Any CPU = Release|Any CPU
	EndGlobalSection
	GlobalSection(ProjectConfigurationPlatforms) = postSolution
		{40E6DA37-DFAD-4043-B898-E2DF87F64490}.Debug|Any CPU.ActiveCfg = Debug|Any CPU
		{40E6DA37-DFAD-4043-B898-E2DF87F64490}.Debug|Any CPU.Build.0 = Debug|Any CPU
		{40E6DA37-DFAD-4043-B898-E2DF87F64490}.Release|Any CPU.ActiveCfg = Release|Any CPU
		{40E6DA37-DFAD-4043-B898-E2DF87F64490}.Release|Any CPU.Build.0 = Release|Any CPU
	EndGlobalSection
	GlobalSection(SolutionProperties) = preSolution
		HideSolutionNode = FALSE
	EndGlobalSection
	GlobalSection(ExtensibilityGlobals) = postSolution
		SolutionGuid = {FC51D845-0D60-4543-8595-7BB9C9E02447}
	EndGlobalSection
EndGlobal
